
Microsoft Visual Studio Solution File, Format Version 12.00
# Visual Studio Version 16
VisualStudioVersion = 16.0.30204.135
MinimumVisualStudioVersion = 10.0.40219.1
Project("{FAE04EC0-301F-11D3-BF4B-00C04F79EFBC}") = "Nano.VFS", "Nano.VFS\Nano.VFS.csproj", "{E76985E6-1F63-4599-B1E2-DC6978E60C2F}"
EndProject
Global
	GlobalSection(SolutionConfigurationPlatforms) = preSolution
		Debug|Any CPU = Debug|Any CPU
		Release|Any CPU = Release|Any CPU
	EndGlobalSection
	GlobalSection(ProjectConfigurationPlatforms) = postSolution
		{E76985E6-1F63-4599-B1E2-DC6978E60C2F}.Debug|Any CPU.ActiveCfg = Debug|Any CPU
		{E76985E6-1F63-4599-B1E2-DC6978E60C2F}.Debug|Any CPU.Build.0 = Debug|Any CPU
		{E76985E6-1F63-4599-B1E2-DC6978E60C2F}.Release|Any CPU.ActiveCfg = Release|Any CPU
		{E76985E6-1F63-4599-B1E2-DC6978E60C2F}.Release|Any CPU.Build.0 = Release|Any CPU
	EndGlobalSection
	GlobalSection(SolutionProperties) = preSolution
		HideSolutionNode = FALSE
	EndGlobalSection
	GlobalSection(ExtensibilityGlobals) = postSolution
		SolutionGuid = {AF946454-8635-4233-8604-01AB7B217949}
	EndGlobalSection
EndGlobal
